
Microsoft Visual Studio Solution File, Format Version 12.00
# Visual Studio Version 16
VisualStudioVersion = 16.0.32413.511
MinimumVisualStudioVersion = 10.0.40219.1
Project("{FAE04EC0-301F-11D3-BF4B-00C04F79EFBC}") = "IpFitness", "IpFitness.csproj", "{FB17CBDF-8F8B-4ED4-87F7-C69A6D37AD2B}"
EndProject
Global
	GlobalSection(SolutionConfigurationPlatforms) = preSolution
		Debug|Any CPU = Debug|Any CPU
		Release|Any CPU = Release|Any CPU
	EndGlobalSection
	GlobalSection(ProjectConfigurationPlatforms) = postSolution
		{FB17CBDF-8F8B-4ED4-87F7-C69A6D37AD2B}.Debug|Any CPU.ActiveCfg = Debug|Any CPU
		{FB17CBDF-8F8B-4ED4-87F7-C69A6D37AD2B}.Debug|Any CPU.Build.0 = Debug|Any CPU
		{FB17CBDF-8F8B-4ED4-87F7-C69A6D37AD2B}.Release|Any CPU.ActiveCfg = Release|Any CPU
		{FB17CBDF-8F8B-4ED4-87F7-C69A6D37AD2B}.Release|Any CPU.Build.0 = Release|Any CPU
	EndGlobalSection
	GlobalSection(SolutionProperties) = preSolution
		HideSolutionNode = FALSE
	EndGlobalSection
	GlobalSection(ExtensibilityGlobals) = postSolution
		SolutionGuid = {CF69B382-694F-430A-9A23-119E5C1BCDBF}
	EndGlobalSection
EndGlobal
